
Microsoft Visual Studio Solution File, Format Version 12.00
# Visual Studio Version 16
VisualStudioVersion = 16.0.30503.244
MinimumVisualStudioVersion = 10.0.40219.1
Project("{FAE04EC0-301F-11D3-BF4B-00C04F79EFBC}") = "FizzBuzzEnterprise.NET", "FizzBuzzEnterprise.NET\FizzBuzzEnterprise.NET.csproj", "{A223A79B-98F9-400B-801D-1F55057122B2}"
EndProject
Global
	GlobalSection(SolutionConfigurationPlatforms) = preSolution
		Debug|Any CPU = Debug|Any CPU
		Release|Any CPU = Release|Any CPU
	EndGlobalSection
	GlobalSection(ProjectConfigurationPlatforms) = postSolution
		{A223A79B-98F9-400B-801D-1F55057122B2}.Debug|Any CPU.ActiveCfg = Debug|Any CPU
		{A223A79B-98F9-400B-801D-1F55057122B2}.Debug|Any CPU.Build.0 = Debug|Any CPU
		{A223A79B-98F9-400B-801D-1F55057122B2}.Release|Any CPU.ActiveCfg = Release|Any CPU
		{A223A79B-98F9-400B-801D-1F55057122B2}.Release|Any CPU.Build.0 = Release|Any CPU
	EndGlobalSection
	GlobalSection(SolutionProperties) = preSolution
		HideSolutionNode = FALSE
	EndGlobalSection
	GlobalSection(ExtensibilityGlobals) = postSolution
		SolutionGuid = {BC96C95A-B1AF-470B-954F-83FFE9134A4B}
	EndGlobalSection
EndGlobal
